{
  "name": "Amazon",
  "version": "0.0.0",
  "lockfileVersion": 2,
  "requires": true,
  "packages": {
    "": {
      "name": "Amazon",
      "version": "0.0.0",
      "dependencies": {
        "body-parser": "~1.12.0",
        "cookie-parser": "~1.3.4",
        "debug": "~2.1.1",
        "express": "~4.12.2",
        "jade": "~1.9.2",
        "morgan": "~1.10.0",
        "serve-favicon": "~2.2.0"
      }
    },
    "node_modules/basic-auth": {
      "version": "2.0.1",
      "resolved": "https://registry.npmjs.org/basic-auth/-/basic-auth-2.0.1.tgz",
      "integrity": "sha512-NF+epuEdnUYVlGuhaxbbq+dvJttwLnGY+YixlXlME5KpQ5W3CnXA5cVTneY3SPbPDRkcjMbifrwmFYcClgOZeg==",
      "dependencies": {
        "safe-buffer": "5.1.2"
      },
      "engines": {
        "node": ">= 0.8"
      }
    },
    "node_modules/body-parser": {
      "version": "1.12.2",
      "license": "MIT",
      "dependencies": {
        "bytes": "1.0.0",
        "content-type": "~1.0.1",
        "debug": "~2.1.3",
        "depd": "~1.0.0",
        "iconv-lite": "0.4.7",
        "on-finished": "~2.2.0",
        "qs": "2.4.1",
        "raw-body": "1.3.3",
        "type-is": "~1.6.1"
      },
      "engines": {
        "node": ">= 0.8"
      }
    },
    "node_modules/body-parser/node_modules/bytes": {
      "version": "1.0.0"
    },
    "node_modules/body-parser/node_modules/content-type": {
      "version": "1.0.1",
      "license": "MIT",
      "engines": {
        "node": ">= 0.6"
      }
    },
    "node_modules/body-parser/node_modules/depd": {
      "version": "1.0.1",
      "license": "MIT",
      "engines": {
        "node": ">= 0.6"
      }
    },
    "node_modules/body-parser/node_modules/iconv-lite": {
      "version": "0.4.7",
      "license": "MIT",
      "engines": {
        "node": ">=0.8.0"
      }
    },
    "node_modules/body-parser/node_modules/on-finished": {
      "version": "2.2.0",
      "license": "MIT",
      "dependencies": {
        "ee-first": "1.1.0"
      },
      "engines": {
        "node": ">= 0.8"
      }
    },
    "node_modules/body-parser/node_modules/on-finished/node_modules/ee-first": {
      "version": "1.1.0",
      "license": "MIT"
    },
    "node_modules/body-parser/node_modules/qs": {
      "version": "2.4.1"
    },
    "node_modules/body-parser/node_modules/raw-body": {
      "version": "1.3.3",
      "license": "MIT",
      "dependencies": {
        "bytes": "1.0.0",
        "iconv-lite": "0.4.7"
      },
      "engines": {
        "node": ">= 0.8.0"
      }
    },
    "node_modules/body-parser/node_modules/type-is": {
      "version": "1.6.1",
      "license": "MIT",
      "dependencies": {
        "media-typer": "0.3.0",
        "mime-types": "~2.0.10"
      },
      "engines": {
        "node": ">= 0.6"
      }
    },
    "node_modules/body-parser/node_modules/type-is/node_modules/media-typer": {
      "version": "0.3.0",
      "license": "MIT",
      "engines": {
        "node": ">= 0.6"
      }
    },
    "node_modules/body-parser/node_modules/type-is/node_modules/mime-types": {
      "version": "2.0.10",
      "license": "MIT",
      "dependencies": {
        "mime-db": "~1.8.0"
      },
      "engines": {
        "node": ">= 0.6"
      }
    },
    "node_modules/body-parser/node_modules/type-is/node_modules/mime-types/node_modules/mime-db": {
      "version": "1.8.0",
      "license": "MIT",
      "engines": {
        "node": ">= 0.6"
      }
    },
    "node_modules/cookie-parser": {
      "version": "1.3.4",
      "dependencies": {
        "cookie": "0.1.2",
        "cookie-signature": "1.0.6"
      },
      "engines": {
        "node": ">= 0.8.0"
      }
    },
    "node_modules/cookie-parser/node_modules/cookie": {
      "version": "0.1.2",
      "engines": {
        "node": "*"
      }
    },
    "node_modules/cookie-parser/node_modules/cookie-signature": {
      "version": "1.0.6",
      "license": "MIT"
    },
    "node_modules/debug": {
      "version": "2.1.3",
      "license": "MIT",
      "dependencies": {
        "ms": "0.7.0"
      }
    },
    "node_modules/debug/node_modules/ms": {
      "version": "0.7.0"
    },
    "node_modules/depd": {
      "version": "2.0.0",
      "resolved": "https://registry.npmjs.org/depd/-/depd-2.0.0.tgz",
      "integrity": "sha512-g7nH6P6dyDioJogAAGprGpCtVImJhpPk/roCzdb3fIh61/s/nPsfR6onyMwkCAR/OlC3yBC0lESvUoQEAssIrw==",
      "engines": {
        "node": ">= 0.8"
      }
    },
    "node_modules/ee-first": {
      "version": "1.1.1",
      "resolved": "https://registry.npmjs.org/ee-first/-/ee-first-1.1.1.tgz",
      "integrity": "sha512-WMwm9LhRUo+WUaRN+vRuETqG89IgZphVSNkdFgeb6sS/E4OrDIN7t48CAewSHXc6C8lefD8KKfr5vY61brQlow=="
    },
    "node_modules/express": {
      "version": "4.12.3",
      "license": "MIT",
      "dependencies": {
        "accepts": "~1.2.5",
        "content-disposition": "0.5.0",
        "content-type": "~1.0.1",
        "cookie": "0.1.2",
        "cookie-signature": "1.0.6",
        "debug": "~2.1.3",
        "depd": "~1.0.0",
        "escape-html": "1.0.1",
        "etag": "~1.5.1",
        "finalhandler": "0.3.4",
        "fresh": "0.2.4",
        "merge-descriptors": "1.0.0",
        "methods": "~1.1.1",
        "on-finished": "~2.2.0",
        "parseurl": "~1.3.0",
        "path-to-regexp": "0.1.3",
        "proxy-addr": "~1.0.7",
        "qs": "2.4.1",
        "range-parser": "~1.0.2",
        "send": "0.12.2",
        "serve-static": "~1.9.2",
        "type-is": "~1.6.1",
        "utils-merge": "1.0.0",
        "vary": "~1.0.0"
      },
      "engines": {
        "node": ">= 0.10.0"
      }
    },
    "node_modules/express/node_modules/accepts": {
      "version": "1.2.5",
      "license": "MIT",
      "dependencies": {
        "mime-types": "~2.0.10",
        "negotiator": "0.5.1"
      },
      "engines": {
        "node": ">= 0.6"
      }
    },
    "node_modules/express/node_modules/accepts/node_modules/mime-types": {
      "version": "2.0.10",
      "license": "MIT",
      "dependencies": {
        "mime-db": "~1.8.0"
      },
      "engines": {
        "node": ">= 0.6"
      }
    },
    "node_modules/express/node_modules/accepts/node_modules/mime-types/node_modules/mime-db": {
      "version": "1.8.0",
      "license": "MIT",
      "engines": {
        "node": ">= 0.6"
      }
    },
    "node_modules/express/node_modules/accepts/node_modules/negotiator": {
      "version": "0.5.1",
      "license": "MIT",
      "engines": {
        "node": ">= 0.6"
      }
    },
    "node_modules/express/node_modules/content-disposition": {
      "version": "0.5.0",
      "license": "MIT",
      "engines": {
        "node": ">= 0.6"
      }
    },
    "node_modules/express/node_modules/content-type": {
      "version": "1.0.1",
      "license": "MIT",
      "engines": {
        "node": ">= 0.6"
      }
    },
    "node_modules/express/node_modules/cookie": {
      "version": "0.1.2",
      "engines": {
        "node": "*"
      }
    },
    "node_modules/express/node_modules/cookie-signature": {
      "version": "1.0.6",
      "license": "MIT"
    },
    "node_modules/express/node_modules/depd": {
      "version": "1.0.1",
      "license": "MIT",
      "engines": {
        "node": ">= 0.6"
      }
    },
    "node_modules/express/node_modules/escape-html": {
      "version": "1.0.1"
    },
    "node_modules/express/node_modules/etag": {
      "version": "1.5.1",
      "license": "MIT",
      "dependencies": {
        "crc": "3.2.1"
      },
      "engines": {
        "node": ">= 0.6"
      }
    },
    "node_modules/express/node_modules/etag/node_modules/crc": {
      "version": "3.2.1",
      "license": "MIT"
    },
    "node_modules/express/node_modules/finalhandler": {
      "version": "0.3.4",
      "license": "MIT",
      "dependencies": {
        "debug": "~2.1.3",
        "escape-html": "1.0.1",
        "on-finished": "~2.2.0"
      },
      "engines": {
        "node": ">= 0.8"
      }
    },
    "node_modules/express/node_modules/fresh": {
      "version": "0.2.4",
      "license": "MIT",
      "engines": {
        "node": ">= 0.6"
      }
    },
    "node_modules/express/node_modules/merge-descriptors": {
      "version": "1.0.0",
      "license": "MIT"
    },
    "node_modules/express/node_modules/methods": {
      "version": "1.1.1",
      "license": "MIT",
      "engines": {
        "node": ">= 0.6"
      }
    },
    "node_modules/express/node_modules/on-finished": {
      "version": "2.2.0",
      "license": "MIT",
      "dependencies": {
        "ee-first": "1.1.0"
      },
      "engines": {
        "node": ">= 0.8"
      }
    },
    "node_modules/express/node_modules/on-finished/node_modules/ee-first": {
      "version": "1.1.0",
      "license": "MIT"
    },
    "node_modules/express/node_modules/parseurl": {
      "version": "1.3.0",
      "license": "MIT"
    },
    "node_modules/express/node_modules/path-to-regexp": {
      "version": "0.1.3"
    },
    "node_modules/express/node_modules/proxy-addr": {
      "version": "1.0.7",
      "license": "MIT",
      "dependencies": {
        "forwarded": "~0.1.0",
        "ipaddr.js": "0.1.9"
      },
      "engines": {
        "node": ">= 0.6"
      }
    },
    "node_modules/express/node_modules/proxy-addr/node_modules/forwarded": {
      "version": "0.1.0",
      "license": "MIT",
      "engines": {
        "node": ">= 0.6"
      }
    },
    "node_modules/express/node_modules/proxy-addr/node_modules/ipaddr.js": {
      "version": "0.1.9",
      "license": "MIT",
      "engines": {
        "node": ">= 0.2.5"
      }
    },
    "node_modules/express/node_modules/qs": {
      "version": "2.4.1"
    },
    "node_modules/express/node_modules/range-parser": {
      "version": "1.0.2",
      "license": "MIT",
      "engines": {
        "node": ">= 0.6"
      }
    },
    "node_modules/express/node_modules/send": {
      "version": "0.12.2",
      "license": "MIT",
      "dependencies": {
        "debug": "~2.1.3",
        "depd": "~1.0.0",
        "destroy": "1.0.3",
        "escape-html": "1.0.1",
        "etag": "~1.5.1",
        "fresh": "0.2.4",
        "mime": "1.3.4",
        "ms": "0.7.0",
        "on-finished": "~2.2.0",
        "range-parser": "~1.0.2"
      },
      "engines": {
        "node": ">= 0.8.0"
      }
    },
    "node_modules/express/node_modules/send/node_modules/destroy": {
      "version": "1.0.3",
      "license": "MIT"
    },
    "node_modules/express/node_modules/send/node_modules/mime": {
      "version": "1.3.4",
      "bin": {
        "mime": "cli.js"
      }
    },
    "node_modules/express/node_modules/send/node_modules/ms": {
      "version": "0.7.0"
    },
    "node_modules/express/node_modules/serve-static": {
      "version": "1.9.2",
      "license": "MIT",
      "dependencies": {
        "escape-html": "1.0.1",
        "parseurl": "~1.3.0",
        "send": "0.12.2",
        "utils-merge": "1.0.0"
      },
      "engines": {
        "node": ">= 0.8.0"
      }
    },
    "node_modules/express/node_modules/type-is": {
      "version": "1.6.1",
      "license": "MIT",
      "dependencies": {
        "media-typer": "0.3.0",
        "mime-types": "~2.0.10"
      },
      "engines": {
        "node": ">= 0.6"
      }
    },
    "node_modules/express/node_modules/type-is/node_modules/media-typer": {
      "version": "0.3.0",
      "license": "MIT",
      "engines": {
        "node": ">= 0.6"
      }
    },
    "node_modules/express/node_modules/type-is/node_modules/mime-types": {
      "version": "2.0.10",
      "license": "MIT",
      "dependencies": {
        "mime-db": "~1.8.0"
      },
      "engines": {
        "node": ">= 0.6"
      }
    },
    "node_modules/express/node_modules/type-is/node_modules/mime-types/node_modules/mime-db": {
      "version": "1.8.0",
      "license": "MIT",
      "engines": {
        "node": ">= 0.6"
      }
    },
    "node_modules/express/node_modules/utils-merge": {
      "version": "1.0.0",
      "engines": {
        "node": ">= 0.4.0"
      }
    },
    "node_modules/express/node_modules/vary": {
      "version": "1.0.0",
      "license": "MIT",
      "engines": {
        "node": ">= 0.8.0"
      }
    },
    "node_modules/jade": {
      "version": "1.9.2",
      "license": "MIT",
      "dependencies": {
        "character-parser": "1.2.1",
        "commander": "~2.6.0",
        "constantinople": "~3.0.1",
        "mkdirp": "~0.5.0",
        "transformers": "2.1.0",
        "void-elements": "~2.0.1",
        "with": "~4.0.0"
      },
      "bin": {
        "jade": "bin/jade.js"
      }
    },
    "node_modules/jade/node_modules/character-parser": {
      "version": "1.2.1",
      "license": "MIT"
    },
    "node_modules/jade/node_modules/commander": {
      "version": "2.6.0",
      "license": "MIT",
      "engines": {
        "node": ">= 0.6.x"
      }
    },
    "node_modules/jade/node_modules/constantinople": {
      "version": "3.0.1",
      "license": "MIT",
      "dependencies": {
        "acorn-globals": "^1.0.0"
      }
    },
    "node_modules/jade/node_modules/constantinople/node_modules/acorn-globals": {
      "version": "1.0.4",
      "license": "MIT",
      "dependencies": {
        "acorn": "^1.0.1"
      }
    },
    "node_modules/jade/node_modules/constantinople/node_modules/acorn-globals/node_modules/acorn": {
      "version": "1.0.3",
      "bin": {
        "acorn": "bin/acorn"
      },
      "engines": {
        "node": ">=0.4.0"
      }
    },
    "node_modules/jade/node_modules/mkdirp": {
      "version": "0.5.0",
      "license": "MIT",
      "dependencies": {
        "minimist": "0.0.8"
      },
      "bin": {
        "mkdirp": "bin/cmd.js"
      }
    },
    "node_modules/jade/node_modules/mkdirp/node_modules/minimist": {
      "version": "0.0.8",
      "license": "MIT"
    },
    "node_modules/jade/node_modules/transformers": {
      "version": "2.1.0",
      "license": "MIT",
      "dependencies": {
        "css": "~1.0.8",
        "promise": "~2.0",
        "uglify-js": "~2.2.5"
      }
    },
    "node_modules/jade/node_modules/transformers/node_modules/css": {
      "version": "1.0.8",
      "dependencies": {
        "css-parse": "1.0.4",
        "css-stringify": "1.0.5"
      }
    },
    "node_modules/jade/node_modules/transformers/node_modules/css/node_modules/css-parse": {
      "version": "1.0.4"
    },
    "node_modules/jade/node_modules/transformers/node_modules/css/node_modules/css-stringify": {
      "version": "1.0.5"
    },
    "node_modules/jade/node_modules/transformers/node_modules/promise": {
      "version": "2.0.0",
      "license": "MIT",
      "dependencies": {
        "is-promise": "~1"
      }
    },
    "node_modules/jade/node_modules/transformers/node_modules/promise/node_modules/is-promise": {
      "version": "1.0.1",
      "license": "MIT"
    },
    "node_modules/jade/node_modules/transformers/node_modules/uglify-js": {
      "version": "2.2.5",
      "dependencies": {
        "optimist": "~0.3.5",
        "source-map": "~0.1.7"
      },
      "bin": {
        "uglifyjs": "bin/uglifyjs"
      },
      "engines": {
        "node": ">=0.4.0"
      }
    },
    "node_modules/jade/node_modules/transformers/node_modules/uglify-js/node_modules/optimist": {
      "version": "0.3.7",
      "license": "MIT/X11",
      "dependencies": {
        "wordwrap": "~0.0.2"
      }
    },
    "node_modules/jade/node_modules/transformers/node_modules/uglify-js/node_modules/optimist/node_modules/wordwrap": {
      "version": "0.0.2",
      "license": "MIT/X11",
      "engines": {
        "node": ">=0.4.0"
      }
    },
    "node_modules/jade/node_modules/transformers/node_modules/uglify-js/node_modules/source-map": {
      "version": "0.1.43",
      "dependencies": {
        "amdefine": ">=0.0.4"
      },
      "engines": {
        "node": ">=0.8.0"
      }
    },
    "node_modules/jade/node_modules/transformers/node_modules/uglify-js/node_modules/source-map/node_modules/amdefine": {
      "version": "0.1.0",
      "engines": {
        "node": ">=0.4.2"
      }
    },
    "node_modules/jade/node_modules/void-elements": {
      "version": "2.0.1",
      "license": "MIT",
      "engines": {
        "node": ">=0.10.0"
      }
    },
    "node_modules/jade/node_modules/with": {
      "version": "4.0.3",
      "license": "MIT",
      "dependencies": {
        "acorn": "^1.0.1",
        "acorn-globals": "^1.0.3"
      }
    },
    "node_modules/jade/node_modules/with/node_modules/acorn": {
      "version": "1.0.3",
      "bin": {
        "acorn": "bin/acorn"
      },
      "engines": {
        "node": ">=0.4.0"
      }
    },
    "node_modules/jade/node_modules/with/node_modules/acorn-globals": {
      "version": "1.0.4",
      "license": "MIT",
      "dependencies": {
        "acorn": "^1.0.1"
      }
    },
    "node_modules/morgan": {
      "version": "1.10.0",
      "resolved": "https://registry.npmjs.org/morgan/-/morgan-1.10.0.tgz",
      "integrity": "sha512-AbegBVI4sh6El+1gNwvD5YIck7nSA36weD7xvIxG4in80j/UoK8AEGaWnnz8v1GxonMCltmlNs5ZKbGvl9b1XQ==",
      "dependencies": {
        "basic-auth": "~2.0.1",
        "debug": "2.6.9",
        "depd": "~2.0.0",
        "on-finished": "~2.3.0",
        "on-headers": "~1.0.2"
      },
      "engines": {
        "node": ">= 0.8.0"
      }
    },
    "node_modules/morgan/node_modules/debug": {
      "version": "2.6.9",
      "resolved": "https://registry.npmjs.org/debug/-/debug-2.6.9.tgz",
      "integrity": "sha512-bC7ElrdJaJnPbAP+1EotYvqZsb3ecl5wi6Bfi6BJTUcNowp6cvspg0jXznRTKDjm/E7AdgFBVeAPVMNcKGsHMA==",
      "dependencies": {
        "ms": "2.0.0"
      }
    },
    "node_modules/ms": {
      "version": "2.0.0",
      "resolved": "https://registry.npmjs.org/ms/-/ms-2.0.0.tgz",
      "integrity": "sha512-Tpp60P6IUJDTuOq/5Z8cdskzJujfwqfOTkrwIwj7IRISpnkJnT6SyJ4PCPnGMoFjC9ddhal5KVIYtAt97ix05A=="
    },
    "node_modules/on-finished": {
      "version": "2.3.0",
      "resolved": "https://registry.npmjs.org/on-finished/-/on-finished-2.3.0.tgz",
      "integrity": "sha512-ikqdkGAAyf/X/gPhXGvfgAytDZtDbr+bkNUJ0N9h5MI/dmdgCs3l6hoHrcUv41sRKew3jIwrp4qQDXiK99Utww==",
      "dependencies": {
        "ee-first": "1.1.1"
      },
      "engines": {
        "node": ">= 0.8"
      }
    },
    "node_modules/on-headers": {
      "version": "1.0.2",
      "resolved": "https://registry.npmjs.org/on-headers/-/on-headers-1.0.2.tgz",
      "integrity": "sha512-pZAE+FJLoyITytdqK0U5s+FIpjN0JP3OzFi/u8Rx+EV5/W+JTWGXG8xFzevE7AjBfDqHv/8vL8qQsIhHnqRkrA==",
      "engines": {
        "node": ">= 0.8"
      }
    },
    "node_modules/safe-buffer": {
      "version": "5.1.2",
      "resolved": "https://registry.npmjs.org/safe-buffer/-/safe-buffer-5.1.2.tgz",
      "integrity": "sha512-Gd2UZBJDkXlY7GbJxfsE8/nvKkUEU1G38c1siN6QP6a9PT9MmHB8GnpscSmMJSoF8LOIrt8ud/wPtojys4G6+g=="
    },
    "node_modules/serve-favicon": {
      "version": "2.2.0",
      "license": "MIT",
      "dependencies": {
        "etag": "~1.5.1",
        "fresh": "0.2.4",
        "ms": "0.7.0",
        "parseurl": "~1.3.0"
      },
      "engines": {
        "node": ">= 0.8.0"
      }
    },
    "node_modules/serve-favicon/node_modules/etag": {
      "version": "1.5.1",
      "license": "MIT",
      "dependencies": {
        "crc": "3.2.1"
      },
      "engines": {
        "node": ">= 0.6"
      }
    },
    "node_modules/serve-favicon/node_modules/etag/node_modules/crc": {
      "version": "3.2.1",
      "license": "MIT"
    },
    "node_modules/serve-favicon/node_modules/fresh": {
      "version": "0.2.4",
      "license": "MIT",
      "engines": {
        "node": ">= 0.6"
      }
    },
    "node_modules/serve-favicon/node_modules/ms": {
      "version": "0.7.0"
    },
    "node_modules/serve-favicon/node_modules/parseurl": {
      "version": "1.3.0",
      "license": "MIT"
    }
  },
  "dependencies": {
    "basic-auth": {
      "version": "2.0.1",
      "resolved": "https://registry.npmjs.org/basic-auth/-/basic-auth-2.0.1.tgz",
      "integrity": "sha512-NF+epuEdnUYVlGuhaxbbq+dvJttwLnGY+YixlXlME5KpQ5W3CnXA5cVTneY3SPbPDRkcjMbifrwmFYcClgOZeg==",
      "requires": {
        "safe-buffer": "5.1.2"
      }
    },
    "body-parser": {
      "version": "1.12.2",
      "requires": {
        "bytes": "1.0.0",
        "content-type": "~1.0.1",
        "debug": "~2.1.3",
        "depd": "~1.0.0",
        "iconv-lite": "0.4.7",
        "on-finished": "~2.2.0",
        "qs": "2.4.1",
        "raw-body": "1.3.3",
        "type-is": "~1.6.1"
      },
      "dependencies": {
        "bytes": {
          "version": "1.0.0"
        },
        "content-type": {
          "version": "1.0.1"
        },
        "depd": {
          "version": "1.0.1"
        },
        "iconv-lite": {
          "version": "0.4.7"
        },
        "on-finished": {
          "version": "2.2.0",
          "requires": {
            "ee-first": "1.1.0"
          },
          "dependencies": {
            "ee-first": {
              "version": "1.1.0"
            }
          }
        },
        "qs": {
          "version": "2.4.1"
        },
        "raw-body": {
          "version": "1.3.3",
          "requires": {
            "bytes": "1.0.0",
            "iconv-lite": "0.4.7"
          }
        },
        "type-is": {
          "version": "1.6.1",
          "requires": {
            "media-typer": "0.3.0",
            "mime-types": "~2.0.10"
          },
          "dependencies": {
            "media-typer": {
              "version": "0.3.0"
            },
            "mime-types": {
              "version": "2.0.10",
              "requires": {
                "mime-db": "~1.8.0"
              },
              "dependencies": {
                "mime-db": {
                  "version": "1.8.0"
                }
              }
            }
          }
        }
      }
    },
    "cookie-parser": {
      "version": "1.3.4",
      "requires": {
        "cookie": "0.1.2",
        "cookie-signature": "1.0.6"
      },
      "dependencies": {
        "cookie": {
          "version": "0.1.2"
        },
        "cookie-signature": {
          "version": "1.0.6"
        }
      }
    },
    "debug": {
      "version": "2.1.3",
      "requires": {
        "ms": "0.7.0"
      },
      "dependencies": {
        "ms": {
          "version": "0.7.0"
        }
      }
    },
    "depd": {
      "version": "2.0.0",
      "resolved": "https://registry.npmjs.org/depd/-/depd-2.0.0.tgz",
      "integrity": "sha512-g7nH6P6dyDioJogAAGprGpCtVImJhpPk/roCzdb3fIh61/s/nPsfR6onyMwkCAR/OlC3yBC0lESvUoQEAssIrw=="
    },
    "ee-first": {
      "version": "1.1.1",
      "resolved": "https://registry.npmjs.org/ee-first/-/ee-first-1.1.1.tgz",
      "integrity": "sha512-WMwm9LhRUo+WUaRN+vRuETqG89IgZphVSNkdFgeb6sS/E4OrDIN7t48CAewSHXc6C8lefD8KKfr5vY61brQlow=="
    },
    "express": {
      "version": "4.12.3",
      "requires": {
        "accepts": "~1.2.5",
        "content-disposition": "0.5.0",
        "content-type": "~1.0.1",
        "cookie": "0.1.2",
        "cookie-signature": "1.0.6",
        "debug": "~2.1.3",
        "depd": "~1.0.0",
        "escape-html": "1.0.1",
        "etag": "~1.5.1",
        "finalhandler": "0.3.4",
        "fresh": "0.2.4",
        "merge-descriptors": "1.0.0",
        "methods": "~1.1.1",
        "on-finished": "~2.2.0",
        "parseurl": "~1.3.0",
        "path-to-regexp": "0.1.3",
        "proxy-addr": "~1.0.7",
        "qs": "2.4.1",
        "range-parser": "~1.0.2",
        "send": "0.12.2",
        "serve-static": "~1.9.2",
        "type-is": "~1.6.1",
        "utils-merge": "1.0.0",
        "vary": "~1.0.0"
      },
      "dependencies": {
        "accepts": {
          "version": "1.2.5",
          "requires": {
            "mime-types": "~2.0.10",
            "negotiator": "0.5.1"
          },
          "dependencies": {
            "mime-types": {
              "version": "2.0.10",
              "requires": {
                "mime-db": "~1.8.0"
              },
              "dependencies": {
                "mime-db": {
                  "version": "1.8.0"
                }
              }
            },
            "negotiator": {
              "version": "0.5.1"
            }
          }
        },
        "content-disposition": {
          "version": "0.5.0"
        },
        "content-type": {
          "version": "1.0.1"
        },
        "cookie": {
          "version": "0.1.2"
        },
        "cookie-signature": {
          "version": "1.0.6"
        },
        "depd": {
          "version": "1.0.1"
        },
        "escape-html": {
          "version": "1.0.1"
        },
        "etag": {
          "version": "1.5.1",
          "requires": {
            "crc": "3.2.1"
          },
          "dependencies": {
            "crc": {
              "version": "3.2.1"
            }
          }
        },
        "finalhandler": {
          "version": "0.3.4",
          "requires": {
            "debug": "~2.1.3",
            "escape-html": "1.0.1",
            "on-finished": "~2.2.0"
          }
        },
        "fresh": {
          "version": "0.2.4"
        },
        "merge-descriptors": {
          "version": "1.0.0"
        },
        "methods": {
          "version": "1.1.1"
        },
        "on-finished": {
          "version": "2.2.0",
          "requires": {
            "ee-first": "1.1.0"
          },
          "dependencies": {
            "ee-first": {
              "version": "1.1.0"
            }
          }
        },
        "parseurl": {
          "version": "1.3.0"
        },
        "path-to-regexp": {
          "version": "0.1.3"
        },
        "proxy-addr": {
          "version": "1.0.7",
          "requires": {
            "forwarded": "~0.1.0",
            "ipaddr.js": "0.1.9"
          },
          "dependencies": {
            "forwarded": {
              "version": "0.1.0"
            },
            "ipaddr.js": {
              "version": "0.1.9"
            }
          }
        },
        "qs": {
          "version": "2.4.1"
        },
        "range-parser": {
          "version": "1.0.2"
        },
        "send": {
          "version": "0.12.2",
          "requires": {
            "debug": "~2.1.3",
            "depd": "~1.0.0",
            "destroy": "1.0.3",
            "escape-html": "1.0.1",
            "etag": "~1.5.1",
            "fresh": "0.2.4",
            "mime": "1.3.4",
            "ms": "0.7.0",
            "on-finished": "~2.2.0",
            "range-parser": "~1.0.2"
          },
          "dependencies": {
            "destroy": {
              "version": "1.0.3"
            },
            "mime": {
              "version": "1.3.4"
            },
            "ms": {
              "version": "0.7.0"
            }
          }
        },
        "serve-static": {
          "version": "1.9.2",
          "requires": {
            "escape-html": "1.0.1",
            "parseurl": "~1.3.0",
            "send": "0.12.2",
            "utils-merge": "1.0.0"
          }
        },
        "type-is": {
          "version": "1.6.1",
          "requires": {
            "media-typer": "0.3.0",
            "mime-types": "~2.0.10"
          },
          "dependencies": {
            "media-typer": {
              "version": "0.3.0"
            },
            "mime-types": {
              "version": "2.0.10",
              "requires": {
                "mime-db": "~1.8.0"
              },
              "dependencies": {
                "mime-db": {
                  "version": "1.8.0"
                }
              }
            }
          }
        },
        "utils-merge": {
          "version": "1.0.0"
        },
        "vary": {
          "version": "1.0.0"
        }
      }
    },
    "jade": {
      "version": "1.9.2",
      "requires": {
        "character-parser": "1.2.1",
        "commander": "~2.6.0",
        "constantinople": "~3.0.1",
        "mkdirp": "~0.5.0",
        "transformers": "2.1.0",
        "void-elements": "~2.0.1",
        "with": "~4.0.0"
      },
      "dependencies": {
        "character-parser": {
          "version": "1.2.1"
        },
        "commander": {
          "version": "2.6.0"
        },
        "constantinople": {
          "version": "3.0.1",
          "requires": {
            "acorn-globals": "^1.0.0"
          },
          "dependencies": {
            "acorn-globals": {
              "version": "1.0.4",
              "requires": {
                "acorn": "^1.0.1"
              },
              "dependencies": {
                "acorn": {
                  "version": "1.0.3"
                }
              }
            }
          }
        },
        "mkdirp": {
          "version": "0.5.0",
          "requires": {
            "minimist": "0.0.8"
          },
          "dependencies": {
            "minimist": {
              "version": "0.0.8"
            }
          }
        },
        "transformers": {
          "version": "2.1.0",
          "requires": {
            "css": "~1.0.8",
            "promise": "~2.0",
            "uglify-js": "~2.2.5"
          },
          "dependencies": {
            "css": {
              "version": "1.0.8",
              "requires": {
                "css-parse": "1.0.4",
                "css-stringify": "1.0.5"
              },
              "dependencies": {
                "css-parse": {
                  "version": "1.0.4"
                },
                "css-stringify": {
                  "version": "1.0.5"
                }
              }
            },
            "promise": {
              "version": "2.0.0",
              "requires": {
                "is-promise": "~1"
              },
              "dependencies": {
                "is-promise": {
                  "version": "1.0.1"
                }
              }
            },
            "uglify-js": {
              "version": "2.2.5",
              "requires": {
                "optimist": "~0.3.5",
                "source-map": "~0.1.7"
              },
              "dependencies": {
                "optimist": {
                  "version": "0.3.7",
                  "requires": {
                    "wordwrap": "~0.0.2"
                  },
                  "dependencies": {
                    "wordwrap": {
                      "version": "0.0.2"
                    }
                  }
                },
                "source-map": {
                  "version": "0.1.43",
                  "requires": {
                    "amdefine": ">=0.0.4"
                  },
                  "dependencies": {
                    "amdefine": {
                      "version": "0.1.0"
                    }
                  }
                }
              }
            }
          }
        },
        "void-elements": {
          "version": "2.0.1"
        },
        "with": {
          "version": "4.0.3",
          "requires": {
            "acorn": "^1.0.1",
            "acorn-globals": "^1.0.3"
          },
          "dependencies": {
            "acorn": {
              "version": "1.0.3"
            },
            "acorn-globals": {
              "version": "1.0.4",
              "requires": {
                "acorn": "^1.0.1"
              }
            }
          }
        }
      }
    },
    "morgan": {
      "version": "1.10.0",
      "resolved": "https://registry.npmjs.org/morgan/-/morgan-1.10.0.tgz",
      "integrity": "sha512-AbegBVI4sh6El+1gNwvD5YIck7nSA36weD7xvIxG4in80j/UoK8AEGaWnnz8v1GxonMCltmlNs5ZKbGvl9b1XQ==",
      "requires": {
        "basic-auth": "~2.0.1",
        "debug": "2.6.9",
        "depd": "~2.0.0",
        "on-finished": "~2.3.0",
        "on-headers": "~1.0.2"
      },
      "dependencies": {
        "debug": {
          "version": "2.6.9",
          "resolved": "https://registry.npmjs.org/debug/-/debug-2.6.9.tgz",
          "integrity": "sha512-bC7ElrdJaJnPbAP+1EotYvqZsb3ecl5wi6Bfi6BJTUcNowp6cvspg0jXznRTKDjm/E7AdgFBVeAPVMNcKGsHMA==",
          "requires": {
            "ms": "2.0.0"
          }
        }
      }
    },
    "ms": {
      "version": "2.0.0",
      "resolved": "https://registry.npmjs.org/ms/-/ms-2.0.0.tgz",
      "integrity": "sha512-Tpp60P6IUJDTuOq/5Z8cdskzJujfwqfOTkrwIwj7IRISpnkJnT6SyJ4PCPnGMoFjC9ddhal5KVIYtAt97ix05A=="
    },
    "on-finished": {
      "version": "2.3.0",
      "resolved": "https://registry.npmjs.org/on-finished/-/on-finished-2.3.0.tgz",
      "integrity": "sha512-ikqdkGAAyf/X/gPhXGvfgAytDZtDbr+bkNUJ0N9h5MI/dmdgCs3l6hoHrcUv41sRKew3jIwrp4qQDXiK99Utww==",
      "requires": {
        "ee-first": "1.1.1"
      }
    },
    "on-headers": {
      "version": "1.0.2",
      "resolved": "https://registry.npmjs.org/on-headers/-/on-headers-1.0.2.tgz",
      "integrity": "sha512-pZAE+FJLoyITytdqK0U5s+FIpjN0JP3OzFi/u8Rx+EV5/W+JTWGXG8xFzevE7AjBfDqHv/8vL8qQsIhHnqRkrA=="
    },
    "safe-buffer": {
      "version": "5.1.2",
      "resolved": "https://registry.npmjs.org/safe-buffer/-/safe-buffer-5.1.2.tgz",
      "integrity": "sha512-Gd2UZBJDkXlY7GbJxfsE8/nvKkUEU1G38c1siN6QP6a9PT9MmHB8GnpscSmMJSoF8LOIrt8ud/wPtojys4G6+g=="
    },
    "serve-favicon": {
      "version": "2.2.0",
      "requires": {
        "etag": "~1.5.1",
        "fresh": "0.2.4",
        "ms": "0.7.0",
        "parseurl": "~1.3.0"
      },
      "dependencies": {
        "etag": {
          "version": "1.5.1",
          "requires": {
            "crc": "3.2.1"
          },
          "dependencies": {
            "crc": {
              "version": "3.2.1"
            }
          }
        },
        "fresh": {
          "version": "0.2.4"
        },
        "ms": {
          "version": "0.7.0"
        },
        "parseurl": {
          "version": "1.3.0"
        }
      }
    }
  }
}
